{"format_version":"1.2","terraform_version":"1.9.1","planned_values":{"root_module":{"resources":[{"address":"local_file.literature","mode":"managed","type":"local_file","name":"literature","provider_name":"registry.terraform.io/hashicorp/local","schema_version":0,"values":{"content":"Sun Tzu said: The art of war is of vital importance of the State.\n\nIt is a matter of life and death.\n","content_base64":null,"directory_permission":"0777","file_permission":"0777","filename":"art_of_war.txt","sensitive_content":null,"source":null},"sensitive_values":{"sensitive_content":true}}]}},"resource_changes":[{"address":"local_file.literature","mode":"managed","type":"local_file","name":"literature","provider_name":"registry.terraform.io/hashicorp/local","change":{"actions":["create"],"before":null,"after":{"content":"Sun Tzu said: The art of war is of vital importance of the State.\n\nIt is a matter of life and death.\n","content_base64":null,"directory_permission":"0777","file_permission":"0777","filename":"art_of_war.txt","sensitive_content":null,"source":null},"after_unknown":{"content_base64sha256":true,"content_base64sha512":true,"content_md5":true,"content_sha1":true,"content_sha256":true,"content_sha512":true,"id":true},"before_sensitive":false,"after_sensitive":{"sensitive_content":true}}}],"configuration":{"provider_config":{"local":{"name":"local","full_name":"registry.terraform.io/hashicorp/local","version_constraint":"~\u003e 2.0"}},"root_module":{"resources":[{"address":"local_file.literature","mode":"managed","type":"local_file","name":"literature","provider_config_key":"local","expressions":{"content":{"constant_value":"Sun Tzu said: The art of war is of vital importance of the State.\n\nIt is a matter of life and death.\n"},"filename":{"constant_value":"art_of_war.txt"}},"schema_version":0}]}},"timestamp":"2024-07-06T18:38:35Z","applyable":true,"complete":true,"errored":false}
